// !$*UTF8*$!
{
	archiveVersion = 1;
	classes = {
	};
	objectVersion = 56;
	objects = {

/* Begin PBXBuildFile section */
		100000000000000000000001 /* MacMetricsViewMain.swift in Sources */ = {isa = PBXBuildFile; fileRef = 100000000000000000000101 /* MacMetricsViewMain.swift */; };
		100000000000000000000002 /* AppDelegate.swift in Sources */ = {isa = PBXBuildFile; fileRef = 100000000000000000000102 /* AppDelegate.swift */; };
		100000000000000000000003 /* StatusItemController.swift in Sources */ = {isa = PBXBuildFile; fileRef = 100000000000000000000103 /* StatusItemController.swift */; };
		100000000000000000000004 /* CPUState.swift in Sources */ = {isa = PBXBuildFile; fileRef = 100000000000000000000104 /* CPUState.swift */; };
		100000000000000000000005 /* CPUSample.swift in Sources */ = {isa = PBXBuildFile; fileRef = 100000000000000000000105 /* CPUSample.swift */; };
		100000000000000000000006 /* CPUHistory.swift in Sources */ = {isa = PBXBuildFile; fileRef = 100000000000000000000106 /* CPUHistory.swift */; };
		100000000000000000000007 /* CPUFormatter.swift in Sources */ = {isa = PBXBuildFile; fileRef = 100000000000000000000107 /* CPUFormatter.swift */; };
		100000000000000000000008 /* CPUSnapshot.swift in Sources */ = {isa = PBXBuildFile; fileRef = 100000000000000000000108 /* CPUSnapshot.swift */; };
		100000000000000000000009 /* MachCPUReader.swift in Sources */ = {isa = PBXBuildFile; fileRef = 100000000000000000000109 /* MachCPUReader.swift */; };
		10000000000000000000000A /* CPUSampler.swift in Sources */ = {isa = PBXBuildFile; fileRef = 10000000000000000000010A /* CPUSampler.swift */; };
		10000000000000000000000B /* SparklineView.swift in Sources */ = {isa = PBXBuildFile; fileRef = 10000000000000000000010B /* SparklineView.swift */; };
		10000000000000000000000C /* PopoverView.swift in Sources */ = {isa = PBXBuildFile; fileRef = 10000000000000000000010C /* PopoverView.swift */; };
		10000000000000000000000D /* CPUSampleCalculatorTests.swift in Sources */ = {isa = PBXBuildFile; fileRef = 10000000000000000000010D /* CPUSampleCalculatorTests.swift */; };
		10000000000000000000000E /* CPUFormattingAndHistoryTests.swift in Sources */ = {isa = PBXBuildFile; fileRef = 10000000000000000000010E /* CPUFormattingAndHistoryTests.swift */; };
		10000000000000000000000F /* CPUSample.swift in Sources */ = {isa = PBXBuildFile; fileRef = 100000000000000000000105 /* CPUSample.swift */; };
		100000000000000000000010 /* CPUHistory.swift in Sources */ = {isa = PBXBuildFile; fileRef = 100000000000000000000106 /* CPUHistory.swift */; };
		100000000000000000000011 /* CPUFormatter.swift in Sources */ = {isa = PBXBuildFile; fileRef = 100000000000000000000107 /* CPUFormatter.swift */; };
		100000000000000000000012 /* CPUSnapshot.swift in Sources */ = {isa = PBXBuildFile; fileRef = 100000000000000000000108 /* CPUSnapshot.swift */; };
		100000000000000000000013 /* RAMSample.swift in Sources */ = {isa = PBXBuildFile; fileRef = 100000000000000000000113 /* RAMSample.swift */; };
		100000000000000000000014 /* RAMHistory.swift in Sources */ = {isa = PBXBuildFile; fileRef = 100000000000000000000114 /* RAMHistory.swift */; };
		100000000000000000000015 /* RAMFormatter.swift in Sources */ = {isa = PBXBuildFile; fileRef = 100000000000000000000115 /* RAMFormatter.swift */; };
		100000000000000000000016 /* RAMSampler.swift in Sources */ = {isa = PBXBuildFile; fileRef = 100000000000000000000116 /* RAMSampler.swift */; };
		100000000000000000000017 /* RAMSample.swift in Sources */ = {isa = PBXBuildFile; fileRef = 100000000000000000000113 /* RAMSample.swift */; };
		100000000000000000000018 /* RAMHistory.swift in Sources */ = {isa = PBXBuildFile; fileRef = 100000000000000000000114 /* RAMHistory.swift */; };
		100000000000000000000019 /* RAMFormatter.swift in Sources */ = {isa = PBXBuildFile; fileRef = 100000000000000000000115 /* RAMFormatter.swift */; };
		10000000000000000000001A /* NetworkCounterSnapshot.swift in Sources */ = {isa = PBXBuildFile; fileRef = 100000000000000000000117 /* NetworkCounterSnapshot.swift */; };
		10000000000000000000001B /* NetworkSample.swift in Sources */ = {isa = PBXBuildFile; fileRef = 100000000000000000000118 /* NetworkSample.swift */; };
		10000000000000000000001C /* NetworkHistory.swift in Sources */ = {isa = PBXBuildFile; fileRef = 100000000000000000000119 /* NetworkHistory.swift */; };
		10000000000000000000001D /* NetworkSampler.swift in Sources */ = {isa = PBXBuildFile; fileRef = 10000000000000000000011A /* NetworkSampler.swift */; };
		10000000000000000000001E /* DarwinNetworkReader.swift in Sources */ = {isa = PBXBuildFile; fileRef = 10000000000000000000011B /* DarwinNetworkReader.swift */; };
		10000000000000000000001F /* NetworkFormatter.swift in Sources */ = {isa = PBXBuildFile; fileRef = 10000000000000000000011C /* NetworkFormatter.swift */; };
		100000000000000000000020 /* NetworkSampleCalculator.swift in Sources */ = {isa = PBXBuildFile; fileRef = 10000000000000000000011D /* NetworkSampleCalculator.swift */; };
		100000000000000000000021 /* NetworkCalculationFormattingAndHistoryTests.swift in Sources */ = {isa = PBXBuildFile; fileRef = 10000000000000000000011E /* NetworkCalculationFormattingAndHistoryTests.swift */; };
		100000000000000000000022 /* NetworkCounterSnapshot.swift in Sources */ = {isa = PBXBuildFile; fileRef = 100000000000000000000117 /* NetworkCounterSnapshot.swift */; };
		100000000000000000000023 /* NetworkSample.swift in Sources */ = {isa = PBXBuildFile; fileRef = 100000000000000000000118 /* NetworkSample.swift */; };
		100000000000000000000024 /* NetworkHistory.swift in Sources */ = {isa = PBXBuildFile; fileRef = 100000000000000000000119 /* NetworkHistory.swift */; };
		100000000000000000000025 /* NetworkFormatter.swift in Sources */ = {isa = PBXBuildFile; fileRef = 10000000000000000000011C /* NetworkFormatter.swift */; };
		100000000000000000000026 /* NetworkSampleCalculator.swift in Sources */ = {isa = PBXBuildFile; fileRef = 10000000000000000000011D /* NetworkSampleCalculator.swift */; };
		100000000000000000000027 /* MetricVisibilitySettings.swift in Sources */ = {isa = PBXBuildFile; fileRef = 10000000000000000000011F /* MetricVisibilitySettings.swift */; };
		100000000000000000000028 /* MetricVisibilitySettings.swift in Sources */ = {isa = PBXBuildFile; fileRef = 10000000000000000000011F /* MetricVisibilitySettings.swift */; };
		100000000000000000000029 /* MetricVisibilitySettingsTests.swift in Sources */ = {isa = PBXBuildFile; fileRef = 100000000000000000000120 /* MetricVisibilitySettingsTests.swift */; };
		10000000000000000000002A /* CPUState.swift in Sources */ = {isa = PBXBuildFile; fileRef = 100000000000000000000104 /* CPUState.swift */; };
		10000000000000000000002B /* MetricDisplaySettings.swift in Sources */ = {isa = PBXBuildFile; fileRef = 100000000000000000000121 /* MetricDisplaySettings.swift */; };
		10000000000000000000002C /* MetricDisplaySettings.swift in Sources */ = {isa = PBXBuildFile; fileRef = 100000000000000000000121 /* MetricDisplaySettings.swift */; };
		10000000000000000000002D /* Assets.xcassets in Resources */ = {isa = PBXBuildFile; fileRef = 100000000000000000000122 /* Assets.xcassets */; };
		10000000000000000000002E /* TemperatureSample.swift in Sources */ = {isa = PBXBuildFile; fileRef = 100000000000000000000123 /* TemperatureSample.swift */; };
		10000000000000000000002F /* TemperatureHistory.swift in Sources */ = {isa = PBXBuildFile; fileRef = 100000000000000000000124 /* TemperatureHistory.swift */; };
		100000000000000000000030 /* TemperatureFormatter.swift in Sources */ = {isa = PBXBuildFile; fileRef = 100000000000000000000125 /* TemperatureFormatter.swift */; };
		100000000000000000000031 /* TemperatureSampler.swift in Sources */ = {isa = PBXBuildFile; fileRef = 100000000000000000000126 /* TemperatureSampler.swift */; };
		100000000000000000000032 /* TemperatureSample.swift in Sources */ = {isa = PBXBuildFile; fileRef = 100000000000000000000123 /* TemperatureSample.swift */; };
		100000000000000000000033 /* TemperatureHistory.swift in Sources */ = {isa = PBXBuildFile; fileRef = 100000000000000000000124 /* TemperatureHistory.swift */; };
		100000000000000000000034 /* TemperatureFormatter.swift in Sources */ = {isa = PBXBuildFile; fileRef = 100000000000000000000125 /* TemperatureFormatter.swift */; };
		100000000000000000000035 /* TemperatureFormattingAndHistoryTests.swift in Sources */ = {isa = PBXBuildFile; fileRef = 100000000000000000000127 /* TemperatureFormattingAndHistoryTests.swift */; };
		100000000000000000000036 /* LaunchAtLoginSettings.swift in Sources */ = {isa = PBXBuildFile; fileRef = 100000000000000000000128 /* LaunchAtLoginSettings.swift */; };
		100000000000000000000037 /* LaunchAtLoginManager.swift in Sources */ = {isa = PBXBuildFile; fileRef = 100000000000000000000129 /* LaunchAtLoginManager.swift */; };
		100000000000000000000038 /* LaunchAtLoginSettings.swift in Sources */ = {isa = PBXBuildFile; fileRef = 100000000000000000000128 /* LaunchAtLoginSettings.swift */; };
		100000000000000000000039 /* LaunchAtLoginManager.swift in Sources */ = {isa = PBXBuildFile; fileRef = 100000000000000000000129 /* LaunchAtLoginManager.swift */; };
		10000000000000000000003A /* LaunchAtLoginSettingsTests.swift in Sources */ = {isa = PBXBuildFile; fileRef = 10000000000000000000012A /* LaunchAtLoginSettingsTests.swift */; };
		10000000000000000000003B /* Localization.swift in Sources */ = {isa = PBXBuildFile; fileRef = 10000000000000000000012B /* Localization.swift */; };
		10000000000000000000003C /* Localization.swift in Sources */ = {isa = PBXBuildFile; fileRef = 10000000000000000000012B /* Localization.swift */; };
		10000000000000000000003D /* MainRunLoopTimer.swift in Sources */ = {isa = PBXBuildFile; fileRef = 10000000000000000000012C /* MainRunLoopTimer.swift */; };
		10000000000000000000003E /* LockEndReason.swift in Sources */ = {isa = PBXBuildFile; fileRef = 10000000000000000000012D /* LockEndReason.swift */; };
		10000000000000000000003F /* CleaningLockSettings.swift in Sources */ = {isa = PBXBuildFile; fileRef = 10000000000000000000012E /* CleaningLockSettings.swift */; };
		100000000000000000000040 /* CleaningLockCountdownFormatter.swift in Sources */ = {isa = PBXBuildFile; fileRef = 10000000000000000000012F /* CleaningLockCountdownFormatter.swift */; };
		100000000000000000000041 /* AccessibilityAuthorization.swift in Sources */ = {isa = PBXBuildFile; fileRef = 100000000000000000000130 /* AccessibilityAuthorization.swift */; };
		100000000000000000000042 /* InputLockService.swift in Sources */ = {isa = PBXBuildFile; fileRef = 100000000000000000000131 /* InputLockService.swift */; };
		100000000000000000000043 /* CGEventTapInputLock.swift in Sources */ = {isa = PBXBuildFile; fileRef = 100000000000000000000132 /* CGEventTapInputLock.swift */; };
		100000000000000000000044 /* LockOverlayView.swift in Sources */ = {isa = PBXBuildFile; fileRef = 100000000000000000000133 /* LockOverlayView.swift */; };
		100000000000000000000045 /* LockOverlayWindow.swift in Sources */ = {isa = PBXBuildFile; fileRef = 100000000000000000000134 /* LockOverlayWindow.swift */; };
		100000000000000000000046 /* LockEndReason.swift in Sources (Tests) */ = {isa = PBXBuildFile; fileRef = 10000000000000000000012D /* LockEndReason.swift */; };
		100000000000000000000047 /* CleaningLockSettings.swift in Sources (Tests) */ = {isa = PBXBuildFile; fileRef = 10000000000000000000012E /* CleaningLockSettings.swift */; };
		100000000000000000000048 /* CleaningLockCountdownFormatter.swift in Sources (Tests) */ = {isa = PBXBuildFile; fileRef = 10000000000000000000012F /* CleaningLockCountdownFormatter.swift */; };
		100000000000000000000049 /* InputLockService.swift in Sources (Tests) */ = {isa = PBXBuildFile; fileRef = 100000000000000000000131 /* InputLockService.swift */; };
		10000000000000000000004A /* CleaningLockSettingsTests.swift in Sources */ = {isa = PBXBuildFile; fileRef = 100000000000000000000135 /* CleaningLockSettingsTests.swift */; };
		10000000000000000000004B /* CleaningLockCountdownFormatterTests.swift in Sources */ = {isa = PBXBuildFile; fileRef = 100000000000000000000136 /* CleaningLockCountdownFormatterTests.swift */; };
		10000000000000000000004C /* InputLockServiceTests.swift in Sources */ = {isa = PBXBuildFile; fileRef = 100000000000000000000137 /* InputLockServiceTests.swift */; };
		10000000000000000000004D /* CleaningLockStateTests.swift in Sources */ = {isa = PBXBuildFile; fileRef = 100000000000000000000138 /* CleaningLockStateTests.swift */; };
/* End PBXBuildFile section */

/* Begin PBXContainerItemProxy section */
		100000000000000000000201 /* PBXContainerItemProxy */ = {
			isa = PBXContainerItemProxy;
			containerPortal = 100000000000000000000301 /* Project object */;
			proxyType = 1;
			remoteGlobalIDString = 100000000000000000000401;
			remoteInfo = MacMetricsView;
		};
/* End PBXContainerItemProxy section */

/* Begin PBXFileReference section */
		100000000000000000000101 /* MacMetricsViewMain.swift */ = {isa = PBXFileReference; lastKnownFileType = sourcecode.swift; path = App/MacMetricsViewMain.swift; sourceTree = "<group>"; };
		100000000000000000000102 /* AppDelegate.swift */ = {isa = PBXFileReference; lastKnownFileType = sourcecode.swift; path = App/AppDelegate.swift; sourceTree = "<group>"; };
		100000000000000000000103 /* StatusItemController.swift */ = {isa = PBXFileReference; lastKnownFileType = sourcecode.swift; path = App/StatusItemController.swift; sourceTree = "<group>"; };
		100000000000000000000104 /* CPUState.swift */ = {isa = PBXFileReference; lastKnownFileType = sourcecode.swift; path = App/CPUState.swift; sourceTree = "<group>"; };
		100000000000000000000105 /* CPUSample.swift */ = {isa = PBXFileReference; lastKnownFileType = sourcecode.swift; path = Models/CPUSample.swift; sourceTree = "<group>"; };
		100000000000000000000106 /* CPUHistory.swift */ = {isa = PBXFileReference; lastKnownFileType = sourcecode.swift; path = Models/CPUHistory.swift; sourceTree = "<group>"; };
		100000000000000000000107 /* CPUFormatter.swift */ = {isa = PBXFileReference; lastKnownFileType = sourcecode.swift; path = Services/CPUFormatter.swift; sourceTree = "<group>"; };
		100000000000000000000108 /* CPUSnapshot.swift */ = {isa = PBXFileReference; lastKnownFileType = sourcecode.swift; path = Services/CPUSnapshot.swift; sourceTree = "<group>"; };
		100000000000000000000109 /* MachCPUReader.swift */ = {isa = PBXFileReference; lastKnownFileType = sourcecode.swift; path = Services/MachCPUReader.swift; sourceTree = "<group>"; };
		10000000000000000000010A /* CPUSampler.swift */ = {isa = PBXFileReference; lastKnownFileType = sourcecode.swift; path = Services/CPUSampler.swift; sourceTree = "<group>"; };
		10000000000000000000010B /* SparklineView.swift */ = {isa = PBXFileReference; lastKnownFileType = sourcecode.swift; path = UI/SparklineView.swift; sourceTree = "<group>"; };
		10000000000000000000010C /* PopoverView.swift */ = {isa = PBXFileReference; lastKnownFileType = sourcecode.swift; path = UI/PopoverView.swift; sourceTree = "<group>"; };
		10000000000000000000010D /* CPUSampleCalculatorTests.swift */ = {isa = PBXFileReference; lastKnownFileType = sourcecode.swift; path = CPUSampleCalculatorTests.swift; sourceTree = "<group>"; };
		10000000000000000000010E /* CPUFormattingAndHistoryTests.swift */ = {isa = PBXFileReference; lastKnownFileType = sourcecode.swift; path = CPUFormattingAndHistoryTests.swift; sourceTree = "<group>"; };
		10000000000000000000010F /* Info.plist */ = {isa = PBXFileReference; lastKnownFileType = text.plist.xml; path = Info.plist; sourceTree = "<group>"; };
		100000000000000000000111 /* MacMetricsView.app */ = {isa = PBXFileReference; explicitFileType = wrapper.application; includeInIndex = 0; path = MacMetricsView.app; sourceTree = BUILT_PRODUCTS_DIR; };
		100000000000000000000112 /* MacMetricsViewTests.xctest */ = {isa = PBXFileReference; explicitFileType = wrapper.cfbundle; includeInIndex = 0; path = MacMetricsViewTests.xctest; sourceTree = BUILT_PRODUCTS_DIR; };
		100000000000000000000113 /* RAMSample.swift */ = {isa = PBXFileReference; lastKnownFileType = sourcecode.swift; path = Models/RAMSample.swift; sourceTree = "<group>"; };
		100000000000000000000114 /* RAMHistory.swift */ = {isa = PBXFileReference; lastKnownFileType = sourcecode.swift; path = Models/RAMHistory.swift; sourceTree = "<group>"; };
		100000000000000000000115 /* RAMFormatter.swift */ = {isa = PBXFileReference; lastKnownFileType = sourcecode.swift; path = Services/RAMFormatter.swift; sourceTree = "<group>"; };
		100000000000000000000116 /* RAMSampler.swift */ = {isa = PBXFileReference; lastKnownFileType = sourcecode.swift; path = Services/RAMSampler.swift; sourceTree = "<group>"; };
		100000000000000000000117 /* NetworkCounterSnapshot.swift */ = {isa = PBXFileReference; lastKnownFileType = sourcecode.swift; path = Models/NetworkCounterSnapshot.swift; sourceTree = "<group>"; };
		100000000000000000000118 /* NetworkSample.swift */ = {isa = PBXFileReference; lastKnownFileType = sourcecode.swift; path = Models/NetworkSample.swift; sourceTree = "<group>"; };
		100000000000000000000119 /* NetworkHistory.swift */ = {isa = PBXFileReference; lastKnownFileType = sourcecode.swift; path = Models/NetworkHistory.swift; sourceTree = "<group>"; };
		10000000000000000000011A /* NetworkSampler.swift */ = {isa = PBXFileReference; lastKnownFileType = sourcecode.swift; path = Services/NetworkSampler.swift; sourceTree = "<group>"; };
		10000000000000000000011B /* DarwinNetworkReader.swift */ = {isa = PBXFileReference; lastKnownFileType = sourcecode.swift; path = Services/DarwinNetworkReader.swift; sourceTree = "<group>"; };
		10000000000000000000011C /* NetworkFormatter.swift */ = {isa = PBXFileReference; lastKnownFileType = sourcecode.swift; path = Services/NetworkFormatter.swift; sourceTree = "<group>"; };
		10000000000000000000011D /* NetworkSampleCalculator.swift */ = {isa = PBXFileReference; lastKnownFileType = sourcecode.swift; path = Services/NetworkSampleCalculator.swift; sourceTree = "<group>"; };
		10000000000000000000011E /* NetworkCalculationFormattingAndHistoryTests.swift */ = {isa = PBXFileReference; lastKnownFileType = sourcecode.swift; path = NetworkCalculationFormattingAndHistoryTests.swift; sourceTree = "<group>"; };
		10000000000000000000011F /* MetricVisibilitySettings.swift */ = {isa = PBXFileReference; lastKnownFileType = sourcecode.swift; path = Models/MetricVisibilitySettings.swift; sourceTree = "<group>"; };
		100000000000000000000120 /* MetricVisibilitySettingsTests.swift */ = {isa = PBXFileReference; lastKnownFileType = sourcecode.swift; path = MetricVisibilitySettingsTests.swift; sourceTree = "<group>"; };
		100000000000000000000121 /* MetricDisplaySettings.swift */ = {isa = PBXFileReference; lastKnownFileType = sourcecode.swift; path = Models/MetricDisplaySettings.swift; sourceTree = "<group>"; };
		100000000000000000000122 /* Assets.xcassets */ = {isa = PBXFileReference; lastKnownFileType = folder.assetcatalog; path = Assets.xcassets; sourceTree = "<group>"; };
		100000000000000000000123 /* TemperatureSample.swift */ = {isa = PBXFileReference; lastKnownFileType = sourcecode.swift; path = Models/TemperatureSample.swift; sourceTree = "<group>"; };
		100000000000000000000124 /* TemperatureHistory.swift */ = {isa = PBXFileReference; lastKnownFileType = sourcecode.swift; path = Models/TemperatureHistory.swift; sourceTree = "<group>"; };
		100000000000000000000125 /* TemperatureFormatter.swift */ = {isa = PBXFileReference; lastKnownFileType = sourcecode.swift; path = Services/TemperatureFormatter.swift; sourceTree = "<group>"; };
		100000000000000000000126 /* TemperatureSampler.swift */ = {isa = PBXFileReference; lastKnownFileType = sourcecode.swift; path = Services/TemperatureSampler.swift; sourceTree = "<group>"; };
		10000000000000000000012B /* Localization.swift */ = {isa = PBXFileReference; lastKnownFileType = sourcecode.swift; path = Services/Localization.swift; sourceTree = "<group>"; };
		10000000000000000000012C /* MainRunLoopTimer.swift */ = {isa = PBXFileReference; lastKnownFileType = sourcecode.swift; path = Services/MainRunLoopTimer.swift; sourceTree = "<group>"; };
		100000000000000000000127 /* TemperatureFormattingAndHistoryTests.swift */ = {isa = PBXFileReference; lastKnownFileType = sourcecode.swift; path = TemperatureFormattingAndHistoryTests.swift; sourceTree = "<group>"; };
		100000000000000000000128 /* LaunchAtLoginSettings.swift */ = {isa = PBXFileReference; lastKnownFileType = sourcecode.swift; path = Models/LaunchAtLoginSettings.swift; sourceTree = "<group>"; };
		100000000000000000000129 /* LaunchAtLoginManager.swift */ = {isa = PBXFileReference; lastKnownFileType = sourcecode.swift; path = Services/LaunchAtLoginManager.swift; sourceTree = "<group>"; };
		10000000000000000000012A /* LaunchAtLoginSettingsTests.swift */ = {isa = PBXFileReference; lastKnownFileType = sourcecode.swift; path = LaunchAtLoginSettingsTests.swift; sourceTree = "<group>"; };
		10000000000000000000012D /* LockEndReason.swift */ = {isa = PBXFileReference; lastKnownFileType = sourcecode.swift; path = Models/LockEndReason.swift; sourceTree = "<group>"; };
		10000000000000000000012E /* CleaningLockSettings.swift */ = {isa = PBXFileReference; lastKnownFileType = sourcecode.swift; path = Models/CleaningLockSettings.swift; sourceTree = "<group>"; };
		10000000000000000000012F /* CleaningLockCountdownFormatter.swift */ = {isa = PBXFileReference; lastKnownFileType = sourcecode.swift; path = Services/CleaningLockCountdownFormatter.swift; sourceTree = "<group>"; };
		100000000000000000000130 /* AccessibilityAuthorization.swift */ = {isa = PBXFileReference; lastKnownFileType = sourcecode.swift; path = Services/AccessibilityAuthorization.swift; sourceTree = "<group>"; };
		100000000000000000000131 /* InputLockService.swift */ = {isa = PBXFileReference; lastKnownFileType = sourcecode.swift; path = Services/InputLockService.swift; sourceTree = "<group>"; };
		100000000000000000000132 /* CGEventTapInputLock.swift */ = {isa = PBXFileReference; lastKnownFileType = sourcecode.swift; path = Services/CGEventTapInputLock.swift; sourceTree = "<group>"; };
		100000000000000000000133 /* LockOverlayView.swift */ = {isa = PBXFileReference; lastKnownFileType = sourcecode.swift; path = UI/LockOverlayView.swift; sourceTree = "<group>"; };
		100000000000000000000134 /* LockOverlayWindow.swift */ = {isa = PBXFileReference; lastKnownFileType = sourcecode.swift; path = UI/LockOverlayWindow.swift; sourceTree = "<group>"; };
		100000000000000000000135 /* CleaningLockSettingsTests.swift */ = {isa = PBXFileReference; lastKnownFileType = sourcecode.swift; path = CleaningLockSettingsTests.swift; sourceTree = "<group>"; };
		100000000000000000000136 /* CleaningLockCountdownFormatterTests.swift */ = {isa = PBXFileReference; lastKnownFileType = sourcecode.swift; path = CleaningLockCountdownFormatterTests.swift; sourceTree = "<group>"; };
		100000000000000000000137 /* InputLockServiceTests.swift */ = {isa = PBXFileReference; lastKnownFileType = sourcecode.swift; path = InputLockServiceTests.swift; sourceTree = "<group>"; };
		100000000000000000000138 /* CleaningLockStateTests.swift */ = {isa = PBXFileReference; lastKnownFileType = sourcecode.swift; path = CleaningLockStateTests.swift; sourceTree = "<group>"; };
/* End PBXFileReference section */

/* Begin PBXFrameworksBuildPhase section */
		100000000000000000000501 /* Frameworks */ = {
			isa = PBXFrameworksBuildPhase;
			buildActionMask = 2147483647;
			files = (
			);
			runOnlyForDeploymentPostprocessing = 0;
		};
		100000000000000000000502 /* Frameworks */ = {
			isa = PBXFrameworksBuildPhase;
			buildActionMask = 2147483647;
			files = (
			);
			runOnlyForDeploymentPostprocessing = 0;
		};
/* End PBXFrameworksBuildPhase section */

/* Begin PBXGroup section */
		100000000000000000000601 = {
			isa = PBXGroup;
			children = (
				100000000000000000000602 /* MacMetricsView */,
				100000000000000000000603 /* MacMetricsViewTests */,
				100000000000000000000604 /* Products */,
			);
			sourceTree = "<group>";
		};
		100000000000000000000602 /* MacMetricsView */ = {
			isa = PBXGroup;
			children = (
				100000000000000000000101 /* MacMetricsViewMain.swift */,
				100000000000000000000102 /* AppDelegate.swift */,
				100000000000000000000103 /* StatusItemController.swift */,
				100000000000000000000104 /* CPUState.swift */,
				100000000000000000000105 /* CPUSample.swift */,
				100000000000000000000106 /* CPUHistory.swift */,
				100000000000000000000113 /* RAMSample.swift */,
				100000000000000000000114 /* RAMHistory.swift */,
				100000000000000000000117 /* NetworkCounterSnapshot.swift */,
				100000000000000000000118 /* NetworkSample.swift */,
				100000000000000000000119 /* NetworkHistory.swift */,
				100000000000000000000123 /* TemperatureSample.swift */,
				100000000000000000000124 /* TemperatureHistory.swift */,
				10000000000000000000011F /* MetricVisibilitySettings.swift */,
				100000000000000000000121 /* MetricDisplaySettings.swift */,
				100000000000000000000128 /* LaunchAtLoginSettings.swift */,
				100000000000000000000107 /* CPUFormatter.swift */,
				100000000000000000000115 /* RAMFormatter.swift */,
				10000000000000000000011C /* NetworkFormatter.swift */,
				100000000000000000000125 /* TemperatureFormatter.swift */,
				100000000000000000000129 /* LaunchAtLoginManager.swift */,
				100000000000000000000108 /* CPUSnapshot.swift */,
				100000000000000000000109 /* MachCPUReader.swift */,
				10000000000000000000010A /* CPUSampler.swift */,
				100000000000000000000116 /* RAMSampler.swift */,
				10000000000000000000011A /* NetworkSampler.swift */,
				100000000000000000000126 /* TemperatureSampler.swift */,
				10000000000000000000011B /* DarwinNetworkReader.swift */,
				10000000000000000000011D /* NetworkSampleCalculator.swift */,
				10000000000000000000012B /* Localization.swift */,
				10000000000000000000012C /* MainRunLoopTimer.swift */,
				10000000000000000000010B /* SparklineView.swift */,
				10000000000000000000010C /* PopoverView.swift */,
				10000000000000000000012D /* LockEndReason.swift */,
				10000000000000000000012E /* CleaningLockSettings.swift */,
				10000000000000000000012F /* CleaningLockCountdownFormatter.swift */,
				100000000000000000000130 /* AccessibilityAuthorization.swift */,
				100000000000000000000131 /* InputLockService.swift */,
				100000000000000000000132 /* CGEventTapInputLock.swift */,
				100000000000000000000133 /* LockOverlayView.swift */,
				100000000000000000000134 /* LockOverlayWindow.swift */,
				10000000000000000000010F /* Info.plist */,
				100000000000000000000122 /* Assets.xcassets */,
			);
			path = MacMetricsView;
			sourceTree = "<group>";
		};
		100000000000000000000603 /* MacMetricsViewTests */ = {
			isa = PBXGroup;
			children = (
				10000000000000000000010D /* CPUSampleCalculatorTests.swift */,
				10000000000000000000010E /* CPUFormattingAndHistoryTests.swift */,
				10000000000000000000011E /* NetworkCalculationFormattingAndHistoryTests.swift */,
				100000000000000000000120 /* MetricVisibilitySettingsTests.swift */,
				100000000000000000000127 /* TemperatureFormattingAndHistoryTests.swift */,
				10000000000000000000012A /* LaunchAtLoginSettingsTests.swift */,
				100000000000000000000135 /* CleaningLockSettingsTests.swift */,
				100000000000000000000136 /* CleaningLockCountdownFormatterTests.swift */,
				100000000000000000000137 /* InputLockServiceTests.swift */,
				100000000000000000000138 /* CleaningLockStateTests.swift */,
			);
			path = MacMetricsViewTests;
			sourceTree = "<group>";
		};
		100000000000000000000604 /* Products */ = {
			isa = PBXGroup;
			children = (
				100000000000000000000111 /* MacMetricsView.app */,
				100000000000000000000112 /* MacMetricsViewTests.xctest */,
			);
			name = Products;
			sourceTree = "<group>";
		};
/* End PBXGroup section */

/* Begin PBXNativeTarget section */
		100000000000000000000401 /* MacMetricsView */ = {
			isa = PBXNativeTarget;
			buildConfigurationList = 100000000000000000000701 /* Build configuration list for PBXNativeTarget "MacMetricsView" */;
			buildPhases = (
				100000000000000000000801 /* Sources */,
				100000000000000000000501 /* Frameworks */,
				100000000000000000000901 /* Resources */,
			);
			buildRules = (
			);
			dependencies = (
			);
			name = MacMetricsView;
			productName = MacMetricsView;
			productReference = 100000000000000000000111 /* MacMetricsView.app */;
			productType = "com.apple.product-type.application";
		};
		100000000000000000000402 /* MacMetricsViewTests */ = {
			isa = PBXNativeTarget;
			buildConfigurationList = 100000000000000000000702 /* Build configuration list for PBXNativeTarget "MacMetricsViewTests" */;
			buildPhases = (
				100000000000000000000802 /* Sources */,
				100000000000000000000502 /* Frameworks */,
				100000000000000000000902 /* Resources */,
			);
			buildRules = (
			);
			dependencies = (
				100000000000000000000202 /* PBXTargetDependency */,
			);
			name = MacMetricsViewTests;
			productName = MacMetricsViewTests;
			productReference = 100000000000000000000112 /* MacMetricsViewTests.xctest */;
			productType = "com.apple.product-type.bundle.unit-test";
		};
/* End PBXNativeTarget section */

/* Begin PBXProject section */
		100000000000000000000301 /* Project object */ = {
			isa = PBXProject;
			attributes = {
				BuildIndependentTargetsInParallel = 1;
				LastSwiftUpdateCheck = 1600;
				LastUpgradeCheck = 1600;
				TargetAttributes = {
					100000000000000000000401 = {
						CreatedOnToolsVersion = 16.0;
					};
					100000000000000000000402 = {
						CreatedOnToolsVersion = 16.0;
						TestTargetID = 100000000000000000000401;
					};
				};
			};
			buildConfigurationList = 100000000000000000000703 /* Build configuration list for PBXProject "MacMetricsView" */;
			compatibilityVersion = "Xcode 14.0";
			developmentRegion = en;
			hasScannedForEncodings = 0;
			knownRegions = (
				en,
				Base,
			);
			mainGroup = 100000000000000000000601;
			productRefGroup = 100000000000000000000604 /* Products */;
			projectDirPath = "";
			projectRoot = "";
			targets = (
				100000000000000000000401 /* MacMetricsView */,
				100000000000000000000402 /* MacMetricsViewTests */,
			);
		};
/* End PBXProject section */

/* Begin PBXResourcesBuildPhase section */
		100000000000000000000901 /* Resources */ = {
			isa = PBXResourcesBuildPhase;
			buildActionMask = 2147483647;
			files = (
				10000000000000000000002D /* Assets.xcassets in Resources */,
			);
			runOnlyForDeploymentPostprocessing = 0;
		};
		100000000000000000000902 /* Resources */ = {
			isa = PBXResourcesBuildPhase;
			buildActionMask = 2147483647;
			files = (
			);
			runOnlyForDeploymentPostprocessing = 0;
		};
/* End PBXResourcesBuildPhase section */

/* Begin PBXSourcesBuildPhase section */
		100000000000000000000801 /* Sources */ = {
			isa = PBXSourcesBuildPhase;
			buildActionMask = 2147483647;
			files = (
				100000000000000000000001 /* MacMetricsViewMain.swift in Sources */,
				100000000000000000000002 /* AppDelegate.swift in Sources */,
				100000000000000000000003 /* StatusItemController.swift in Sources */,
				100000000000000000000004 /* CPUState.swift in Sources */,
				100000000000000000000005 /* CPUSample.swift in Sources */,
				100000000000000000000006 /* CPUHistory.swift in Sources */,
				100000000000000000000013 /* RAMSample.swift in Sources */,
				100000000000000000000014 /* RAMHistory.swift in Sources */,
				10000000000000000000001A /* NetworkCounterSnapshot.swift in Sources */,
				10000000000000000000001B /* NetworkSample.swift in Sources */,
				10000000000000000000001C /* NetworkHistory.swift in Sources */,
				10000000000000000000002E /* TemperatureSample.swift in Sources */,
				10000000000000000000002F /* TemperatureHistory.swift in Sources */,
				100000000000000000000027 /* MetricVisibilitySettings.swift in Sources */,
				10000000000000000000002B /* MetricDisplaySettings.swift in Sources */,
				100000000000000000000036 /* LaunchAtLoginSettings.swift in Sources */,
				100000000000000000000007 /* CPUFormatter.swift in Sources */,
				100000000000000000000015 /* RAMFormatter.swift in Sources */,
				10000000000000000000001F /* NetworkFormatter.swift in Sources */,
				100000000000000000000030 /* TemperatureFormatter.swift in Sources */,
				100000000000000000000037 /* LaunchAtLoginManager.swift in Sources */,
				100000000000000000000008 /* CPUSnapshot.swift in Sources */,
				100000000000000000000009 /* MachCPUReader.swift in Sources */,
				10000000000000000000000A /* CPUSampler.swift in Sources */,
				100000000000000000000016 /* RAMSampler.swift in Sources */,
				10000000000000000000001D /* NetworkSampler.swift in Sources */,
				100000000000000000000031 /* TemperatureSampler.swift in Sources */,
				10000000000000000000001E /* DarwinNetworkReader.swift in Sources */,
				100000000000000000000020 /* NetworkSampleCalculator.swift in Sources */,
				10000000000000000000003B /* Localization.swift in Sources */,
				10000000000000000000003D /* MainRunLoopTimer.swift in Sources */,
				10000000000000000000000B /* SparklineView.swift in Sources */,
				10000000000000000000000C /* PopoverView.swift in Sources */,
				10000000000000000000003E /* LockEndReason.swift in Sources */,
				10000000000000000000003F /* CleaningLockSettings.swift in Sources */,
				100000000000000000000040 /* CleaningLockCountdownFormatter.swift in Sources */,
				100000000000000000000041 /* AccessibilityAuthorization.swift in Sources */,
				100000000000000000000042 /* InputLockService.swift in Sources */,
				100000000000000000000043 /* CGEventTapInputLock.swift in Sources */,
				100000000000000000000044 /* LockOverlayView.swift in Sources */,
				100000000000000000000045 /* LockOverlayWindow.swift in Sources */,
			);
			runOnlyForDeploymentPostprocessing = 0;
		};
		100000000000000000000802 /* Sources */ = {
			isa = PBXSourcesBuildPhase;
			buildActionMask = 2147483647;
			files = (
				10000000000000000000000F /* CPUSample.swift in Sources */,
				100000000000000000000010 /* CPUHistory.swift in Sources */,
				100000000000000000000011 /* CPUFormatter.swift in Sources */,
				100000000000000000000012 /* CPUSnapshot.swift in Sources */,
				100000000000000000000017 /* RAMSample.swift in Sources */,
				100000000000000000000018 /* RAMHistory.swift in Sources */,
				10000000000000000000002A /* CPUState.swift in Sources */,
				100000000000000000000019 /* RAMFormatter.swift in Sources */,
				100000000000000000000022 /* NetworkCounterSnapshot.swift in Sources */,
				100000000000000000000023 /* NetworkSample.swift in Sources */,
				100000000000000000000024 /* NetworkHistory.swift in Sources */,
				100000000000000000000032 /* TemperatureSample.swift in Sources */,
				100000000000000000000033 /* TemperatureHistory.swift in Sources */,
				100000000000000000000028 /* MetricVisibilitySettings.swift in Sources */,
				10000000000000000000002C /* MetricDisplaySettings.swift in Sources */,
				100000000000000000000038 /* LaunchAtLoginSettings.swift in Sources */,
				100000000000000000000025 /* NetworkFormatter.swift in Sources */,
				100000000000000000000034 /* TemperatureFormatter.swift in Sources */,
				100000000000000000000039 /* LaunchAtLoginManager.swift in Sources */,
				100000000000000000000026 /* NetworkSampleCalculator.swift in Sources */,
				10000000000000000000003C /* Localization.swift in Sources */,
				10000000000000000000000D /* CPUSampleCalculatorTests.swift in Sources */,
				10000000000000000000000E /* CPUFormattingAndHistoryTests.swift in Sources */,
				100000000000000000000021 /* NetworkCalculationFormattingAndHistoryTests.swift in Sources */,
				100000000000000000000029 /* MetricVisibilitySettingsTests.swift in Sources */,
				100000000000000000000035 /* TemperatureFormattingAndHistoryTests.swift in Sources */,
				10000000000000000000003A /* LaunchAtLoginSettingsTests.swift in Sources */,
				100000000000000000000046 /* LockEndReason.swift in Sources (Tests) */,
				100000000000000000000047 /* CleaningLockSettings.swift in Sources (Tests) */,
				100000000000000000000048 /* CleaningLockCountdownFormatter.swift in Sources (Tests) */,
				100000000000000000000049 /* InputLockService.swift in Sources (Tests) */,
				10000000000000000000004A /* CleaningLockSettingsTests.swift in Sources */,
				10000000000000000000004B /* CleaningLockCountdownFormatterTests.swift in Sources */,
				10000000000000000000004C /* InputLockServiceTests.swift in Sources */,
				10000000000000000000004D /* CleaningLockStateTests.swift in Sources */,
			);
			runOnlyForDeploymentPostprocessing = 0;
		};
/* End PBXSourcesBuildPhase section */

/* Begin PBXTargetDependency section */
		100000000000000000000202 /* PBXTargetDependency */ = {
			isa = PBXTargetDependency;
			target = 100000000000000000000401 /* MacMetricsView */;
			targetProxy = 100000000000000000000201 /* PBXContainerItemProxy */;
		};
/* End PBXTargetDependency section */

/* Begin XCBuildConfiguration section */
		100000000000000000000A01 /* Debug */ = {
			isa = XCBuildConfiguration;
			buildSettings = {
				ASSETCATALOG_COMPILER_APPICON_NAME = AppIcon;
				CODE_SIGN_STYLE = Automatic;
				COMBINE_HIDPI_IMAGES = YES;
				CURRENT_PROJECT_VERSION = 1;
				DEVELOPMENT_ASSET_PATHS = "";
				GENERATE_INFOPLIST_FILE = NO;
				INFOPLIST_FILE = MacMetricsView/Info.plist;
				LD_RUNPATH_SEARCH_PATHS = (
					"$(inherited)",
					"@executable_path/../Frameworks",
				);
				MACOSX_DEPLOYMENT_TARGET = 14.0;
				MARKETING_VERSION = 1.0;
				PRODUCT_BUNDLE_IDENTIFIER = com.pso.MacMetricsView;
				PRODUCT_NAME = "$(TARGET_NAME)";
				SWIFT_EMIT_LOC_STRINGS = YES;
				SWIFT_VERSION = 5.0;
			};
			name = Debug;
		};
		100000000000000000000A02 /* Release */ = {
			isa = XCBuildConfiguration;
			buildSettings = {
				ASSETCATALOG_COMPILER_APPICON_NAME = AppIcon;
				CODE_SIGN_STYLE = Automatic;
				COMBINE_HIDPI_IMAGES = YES;
				CURRENT_PROJECT_VERSION = 1;
				GENERATE_INFOPLIST_FILE = NO;
				INFOPLIST_FILE = MacMetricsView/Info.plist;
				LD_RUNPATH_SEARCH_PATHS = (
					"$(inherited)",
					"@executable_path/../Frameworks",
				);
				MACOSX_DEPLOYMENT_TARGET = 14.0;
				MARKETING_VERSION = 1.0;
				PRODUCT_BUNDLE_IDENTIFIER = com.pso.MacMetricsView;
				PRODUCT_NAME = "$(TARGET_NAME)";
				SWIFT_EMIT_LOC_STRINGS = YES;
				SWIFT_VERSION = 5.0;
			};
			name = Release;
		};
		100000000000000000000A03 /* Debug */ = {
			isa = XCBuildConfiguration;
			buildSettings = {
				CODE_SIGN_STYLE = Automatic;
				GENERATE_INFOPLIST_FILE = YES;
				LD_RUNPATH_SEARCH_PATHS = (
					"$(inherited)",
					"@executable_path/../Frameworks",
					"@loader_path/../Frameworks",
				);
				MACOSX_DEPLOYMENT_TARGET = 14.0;
				PRODUCT_BUNDLE_IDENTIFIER = com.pso.MacMetricsViewTests;
				PRODUCT_NAME = "$(TARGET_NAME)";
				SWIFT_VERSION = 5.0;
			};
			name = Debug;
		};
		100000000000000000000A04 /* Release */ = {
			isa = XCBuildConfiguration;
			buildSettings = {
				CODE_SIGN_STYLE = Automatic;
				GENERATE_INFOPLIST_FILE = YES;
				LD_RUNPATH_SEARCH_PATHS = (
					"$(inherited)",
					"@executable_path/../Frameworks",
					"@loader_path/../Frameworks",
				);
				MACOSX_DEPLOYMENT_TARGET = 14.0;
				PRODUCT_BUNDLE_IDENTIFIER = com.pso.MacMetricsViewTests;
				PRODUCT_NAME = "$(TARGET_NAME)";
				SWIFT_VERSION = 5.0;
			};
			name = Release;
		};
		100000000000000000000A05 /* Debug */ = {
			isa = XCBuildConfiguration;
			buildSettings = {
				ALWAYS_SEARCH_USER_PATHS = NO;
				CLANG_ANALYZER_NONNULL = YES;
				CLANG_ANALYZER_NUMBER_OBJECT_CONVERSION = YES_AGGRESSIVE;
				CLANG_CXX_LANGUAGE_STANDARD = "gnu++20";
				CLANG_ENABLE_MODULES = YES;
				CLANG_ENABLE_OBJC_ARC = YES;
				CLANG_ENABLE_OBJC_WEAK = YES;
				CLANG_WARN_BLOCK_CAPTURE_AUTORELEASING = YES;
				CLANG_WARN_BOOL_CONVERSION = YES;
				CLANG_WARN_COMMA = YES;
				CLANG_WARN_CONSTANT_CONVERSION = YES;
				CLANG_WARN_DEPRECATED_OBJC_IMPLEMENTATIONS = YES;
				CLANG_WARN_DIRECT_OBJC_ISA_USAGE = YES_ERROR;
				CLANG_WARN_DOCUMENTATION_COMMENTS = YES;
				CLANG_WARN_EMPTY_BODY = YES;
				CLANG_WARN_ENUM_CONVERSION = YES;
				CLANG_WARN_INFINITE_RECURSION = YES;
				CLANG_WARN_INT_CONVERSION = YES;
				CLANG_WARN_NON_LITERAL_NULL_CONVERSION = YES;
				CLANG_WARN_OBJC_IMPLICIT_RETAIN_SELF = YES;
				CLANG_WARN_OBJC_LITERAL_CONVERSION = YES;
				CLANG_WARN_OBJC_ROOT_CLASS = YES_ERROR;
				CLANG_WARN_QUOTED_INCLUDE_IN_FRAMEWORK_HEADER = YES;
				CLANG_WARN_RANGE_LOOP_ANALYSIS = YES;
				CLANG_WARN_STRICT_PROTOTYPES = YES;
				CLANG_WARN_SUSPICIOUS_MOVE = YES;
				CLANG_WARN_UNGUARDED_AVAILABILITY = YES_AGGRESSIVE;
				CLANG_WARN_UNREACHABLE_CODE = YES;
				CLANG_WARN__DUPLICATE_METHOD_MATCH = YES;
				COPY_PHASE_STRIP = NO;
				DEBUG_INFORMATION_FORMAT = dwarf;
				ENABLE_STRICT_OBJC_MSGSEND = YES;
				ENABLE_TESTABILITY = YES;
				ENABLE_USER_SCRIPT_SANDBOXING = YES;
				GCC_C_LANGUAGE_STANDARD = gnu17;
				GCC_DYNAMIC_NO_PIC = NO;
				GCC_NO_COMMON_BLOCKS = YES;
				GCC_OPTIMIZATION_LEVEL = 0;
				GCC_PREPROCESSOR_DEFINITIONS = (
					"DEBUG=1",
					"$(inherited)",
				);
				GCC_WARN_64_TO_32_BIT_CONVERSION = YES;
				GCC_WARN_ABOUT_RETURN_TYPE = YES_ERROR;
				GCC_WARN_UNDECLARED_SELECTOR = YES;
				GCC_WARN_UNINITIALIZED_AUTOS = YES_AGGRESSIVE;
				GCC_WARN_UNUSED_FUNCTION = YES;
				GCC_WARN_UNUSED_VARIABLE = YES;
				LOCALIZATION_PREFERS_STRING_CATALOGS = YES;
				MACOSX_DEPLOYMENT_TARGET = 14.0;
				MTL_ENABLE_DEBUG_INFO = INCLUDE_SOURCE;
				MTL_FAST_MATH = YES;
				ONLY_ACTIVE_ARCH = YES;
				SDKROOT = macosx;
				SWIFT_ACTIVE_COMPILATION_CONDITIONS = DEBUG;
				SWIFT_OPTIMIZATION_LEVEL = "-Onone";
			};
			name = Debug;
		};
		100000000000000000000A06 /* Release */ = {
			isa = XCBuildConfiguration;
			buildSettings = {
				ALWAYS_SEARCH_USER_PATHS = NO;
				CLANG_ANALYZER_NONNULL = YES;
				CLANG_ANALYZER_NUMBER_OBJECT_CONVERSION = YES_AGGRESSIVE;
				CLANG_CXX_LANGUAGE_STANDARD = "gnu++20";
				CLANG_ENABLE_MODULES = YES;
				CLANG_ENABLE_OBJC_ARC = YES;
				CLANG_ENABLE_OBJC_WEAK = YES;
				CLANG_WARN_BLOCK_CAPTURE_AUTORELEASING = YES;
				CLANG_WARN_BOOL_CONVERSION = YES;
				CLANG_WARN_COMMA = YES;
				CLANG_WARN_CONSTANT_CONVERSION = YES;
				CLANG_WARN_DEPRECATED_OBJC_IMPLEMENTATIONS = YES;
				CLANG_WARN_DIRECT_OBJC_ISA_USAGE = YES_ERROR;
				CLANG_WARN_DOCUMENTATION_COMMENTS = YES;
				CLANG_WARN_EMPTY_BODY = YES;
				CLANG_WARN_ENUM_CONVERSION = YES;
				CLANG_WARN_INFINITE_RECURSION = YES;
				CLANG_WARN_INT_CONVERSION = YES;
				CLANG_WARN_NON_LITERAL_NULL_CONVERSION = YES;
				CLANG_WARN_OBJC_IMPLICIT_RETAIN_SELF = YES;
				CLANG_WARN_OBJC_LITERAL_CONVERSION = YES;
				CLANG_WARN_OBJC_ROOT_CLASS = YES_ERROR;
				CLANG_WARN_QUOTED_INCLUDE_IN_FRAMEWORK_HEADER = YES;
				CLANG_WARN_RANGE_LOOP_ANALYSIS = YES;
				CLANG_WARN_STRICT_PROTOTYPES = YES;
				CLANG_WARN_SUSPICIOUS_MOVE = YES;
				CLANG_WARN_UNGUARDED_AVAILABILITY = YES_AGGRESSIVE;
				CLANG_WARN_UNREACHABLE_CODE = YES;
				CLANG_WARN__DUPLICATE_METHOD_MATCH = YES;
				COPY_PHASE_STRIP = NO;
				DEBUG_INFORMATION_FORMAT = "dwarf-with-dsym";
				ENABLE_NS_ASSERTIONS = NO;
				ENABLE_STRICT_OBJC_MSGSEND = YES;
				ENABLE_USER_SCRIPT_SANDBOXING = YES;
				GCC_C_LANGUAGE_STANDARD = gnu17;
				GCC_NO_COMMON_BLOCKS = YES;
				GCC_WARN_64_TO_32_BIT_CONVERSION = YES;
				GCC_WARN_ABOUT_RETURN_TYPE = YES_ERROR;
				GCC_WARN_UNDECLARED_SELECTOR = YES;
				GCC_WARN_UNINITIALIZED_AUTOS = YES_AGGRESSIVE;
				GCC_WARN_UNUSED_FUNCTION = YES;
				GCC_WARN_UNUSED_VARIABLE = YES;
				LOCALIZATION_PREFERS_STRING_CATALOGS = YES;
				MACOSX_DEPLOYMENT_TARGET = 14.0;
				MTL_ENABLE_DEBUG_INFO = NO;
				MTL_FAST_MATH = YES;
				SDKROOT = macosx;
				SWIFT_COMPILATION_MODE = wholemodule;
				SWIFT_OPTIMIZATION_LEVEL = "-O";
			};
			name = Release;
		};
/* End XCBuildConfiguration section */

/* Begin XCConfigurationList section */
		100000000000000000000701 /* Build configuration list for PBXNativeTarget "MacMetricsView" */ = {
			isa = XCConfigurationList;
			buildConfigurations = (
				100000000000000000000A01 /* Debug */,
				100000000000000000000A02 /* Release */,
			);
			defaultConfigurationIsVisible = 0;
			defaultConfigurationName = Release;
		};
		100000000000000000000702 /* Build configuration list for PBXNativeTarget "MacMetricsViewTests" */ = {
			isa = XCConfigurationList;
			buildConfigurations = (
				100000000000000000000A03 /* Debug */,
				100000000000000000000A04 /* Release */,
			);
			defaultConfigurationIsVisible = 0;
			defaultConfigurationName = Release;
		};
		100000000000000000000703 /* Build configuration list for PBXProject "MacMetricsView" */ = {
			isa = XCConfigurationList;
			buildConfigurations = (
				100000000000000000000A05 /* Debug */,
				100000000000000000000A06 /* Release */,
			);
			defaultConfigurationIsVisible = 0;
			defaultConfigurationName = Release;
		};
/* End XCConfigurationList section */
	};
	rootObject = 100000000000000000000301 /* Project object */;
}
